
Microsoft Visual Studio Solution File, Format Version 12.00
# Visual Studio 15
VisualStudioVersion = 15.0.28307.1209
MinimumVisualStudioVersion = 10.0.40219.1
Project("{8BC9CEB8-8B4A-11D0-8D11-00A0C91BC942}") = "Tutorial.OpenCV.FaceDetection", "Tutorial.OpenCV.FaceDetection\Tutorial.OpenCV.FaceDetection.vcxproj", "{5D5D8418-D0FF-4DF5-BCA5-163E800E282C}"
EndProject
Global
	GlobalSection(SolutionConfigurationPlatforms) = preSolution
		Debug|x64 = Debug|x64
		Debug|x86 = Debug|x86
		Release|x64 = Release|x64
		Release|x86 = Release|x86
	EndGlobalSection
	GlobalSection(ProjectConfigurationPlatforms) = postSolution
		{5D5D8418-D0FF-4DF5-BCA5-163E800E282C}.Debug|x64.ActiveCfg = Debug|x64
		{5D5D8418-D0FF-4DF5-BCA5-163E800E282C}.Debug|x64.Build.0 = Debug|x64
		{5D5D8418-D0FF-4DF5-BCA5-163E800E282C}.Debug|x86.ActiveCfg = Debug|Win32
		{5D5D8418-D0FF-4DF5-BCA5-163E800E282C}.Debug|x86.Build.0 = Debug|Win32
		{5D5D8418-D0FF-4DF5-BCA5-163E800E282C}.Release|x64.ActiveCfg = Release|x64
		{5D5D8418-D0FF-4DF5-BCA5-163E800E282C}.Release|x64.Build.0 = Release|x64
		{5D5D8418-D0FF-4DF5-BCA5-163E800E282C}.Release|x86.ActiveCfg = Release|Win32
		{5D5D8418-D0FF-4DF5-BCA5-163E800E282C}.Release|x86.Build.0 = Release|Win32
	EndGlobalSection
	GlobalSection(SolutionProperties) = preSolution
		HideSolutionNode = FALSE
	EndGlobalSection
	GlobalSection(ExtensibilityGlobals) = postSolution
		SolutionGuid = {D3F94721-6F65-40D7-8181-E9F2B5E16A5C}
	EndGlobalSection
EndGlobal
